PODS:
  - libb2s (1.0.1)
  - libbase58 (0.1.4)
  - libsodium (1.0.11)
  - MiniLockCore (0.1.0):
    - libb2s (~> 1.0)
    - libbase58 (~> 0.1)
    - libsodium (~> 1.0)
  - Nimble (5.1.1)
  - Quick (1.0.0)

DEPENDENCIES:
  - MiniLockCore (from `../`)
  - Nimble (~> 5.1.1)
  - Quick (~> 1.0.0)

EXTERNAL SOURCES:
  MiniLockCore:
    :path: "../"

SPEC CHECKSUMS:
  libb2s: becf51d56fef21f4e7892821bc2eb0baf87af0ab
  libbase58: 7c040313537b8c44b6e2d15586af8e21f7354efd
  libsodium: 9aba161d2ee096977ecbdcce1ada69ffe511970c
  MiniLockCore: 9492e368158b969462eb4c2a836fa5d6aa5c56a7
  Nimble: 415e3aa3267e7bc2c96b05fa814ddea7bb686a29
  Quick: 8024e4a47e6cc03a9d5245ef0948264fc6d27cff

PODFILE CHECKSUM: ad2da049f17f329304f2d4c93df7d9319fedf5c4

COCOAPODS: 1.2.0
