PODS:
  - libb2s (1.0.2)
  - libbase58 (0.1.4)
  - libsodium (1.0.12)
  - MiniLockCore (1.0.0):
    - libb2s (~> 1.0)
    - libbase58 (~> 0.1)
    - libsodium (~> 1.0)
    - ObjectMapper (~> 3.0)
  - ObjectMapper (3.1.0)

DEPENDENCIES:
  - MiniLockCore (from `../`)

EXTERNAL SOURCES:
  MiniLockCore:
    :path: ../

SPEC CHECKSUMS:
  libb2s: 6c16cb234a7858060dfea5fe72d66f2d1e150576
  libbase58: 7c040313537b8c44b6e2d15586af8e21f7354efd
  libsodium: 9a8faa5ef2fa0d2d57bd7f7d79bf8fb7c1a9f0ea
  MiniLockCore: 0915cec3823165105daef786e1c0ae4086436b9e
  ObjectMapper: 20505058f54e5c3ca69e1d6de9897d152a5369a6

PODFILE CHECKSUM: 4bc1ef7fe76067e1c8bc2becd95fb85847435344

COCOAPODS: 1.4.0
